
Microsoft Visual Studio Solution File, Format Version 12.00
# Visual Studio Version 17
VisualStudioVersion = 17.14.36221.1
MinimumVisualStudioVersion = 10.0.40219.1
Project("{FAE04EC0-301F-11D3-BF4B-00C04F79EFBC}") = "ChuViDienTichHinhTron", "BaiTapThucHanh\ChuViDienTichHinhTron.csproj", "{B87C9567-D73F-4010-87EB-D745FB30FD79}"
EndProject
Project("{FAE04EC0-301F-11D3-BF4B-00C04F79EFBC}") = "ChuViDienTichHinhChuNhat", "ChuViDienTichHinhChuNhat\ChuViDienTichHinhChuNhat.csproj", "{FFE06A00-4358-4C85-BF37-5C9E5A7DC63D}"
EndProject
Project("{FAE04EC0-301F-11D3-BF4B-00C04F79EFBC}") = "XepLoaiHocTap", "XepLoaiHocTap\XepLoaiHocTap.csproj", "{EBE66CD0-4C51-4332-B5A4-3D15CD40F675}"
EndProject
Project("{FAE04EC0-301F-11D3-BF4B-00C04F79EFBC}") = "TinhTienDien", "TinhTienDien\TinhTienDien.csproj", "{0D6948C9-9DAC-451D-A0BC-95593D3F7D62}"
EndProject
Project("{FAE04EC0-301F-11D3-BF4B-00C04F79EFBC}") = "TinhTienHocTrungTam", "TinhTienHocTrungTam\TinhTienHocTrungTam.csproj", "{F45FAC2D-D0DD-4C7B-BEEF-CF40D3AA9C96}"
EndProject
Project("{FAE04EC0-301F-11D3-BF4B-00C04F79EFBC}") = "DanhMucSinhVien", "DanhMucSinhVien\DanhMucSinhVien.csproj", "{15B1FDD9-1405-445A-B52D-5AE18E7F0CBD}"
EndProject
Project("{FAE04EC0-301F-11D3-BF4B-00C04F79EFBC}") = "UngDungXuLyDaySo", "UngDungXuLyDaySo\UngDungXuLyDaySo.csproj", "{C01AD52E-CAB5-4F6D-BF4F-E8848D27EC68}"
EndProject
Project("{FAE04EC0-301F-11D3-BF4B-00C04F79EFBC}") = "HoaDonBanHang", "HoaDonBanHang\HoaDonBanHang.csproj", "{7E363F5B-D650-466F-8956-D3981CAE4004}"
EndProject
Project("{FAE04EC0-301F-11D3-BF4B-00C04F79EFBC}") = "MDI", "MDI\MDI.csproj", "{2C803A09-4253-430E-A4EB-3FE04F776688}"
EndProject
Project("{FAE04EC0-301F-11D3-BF4B-00C04F79EFBC}") = "LuuDocVanBan", "LuuDocVanBan\LuuDocVanBan.csproj", "{32379BDE-E2AA-4554-824F-BD2D62C998F6}"
EndProject
Project("{FAE04EC0-301F-11D3-BF4B-00C04F79EFBC}") = "TH2-BT3", "TH2-BT3\TH2-BT3.csproj", "{7F2B7DE6-527A-46D9-953E-1FC855DB2AAD}"
EndProject
Project("{FAE04EC0-301F-11D3-BF4B-00C04F79EFBC}") = "TH2-BT5", "TH2-BT5\TH2-BT5.csproj", "{529261DA-9A8B-4119-9B4B-E5B90687FCA8}"
EndProject
Project("{2150E333-8FDC-42A3-9474-1A3956D46DE8}") = "Bài Thực Hành 3", "Bài Thực Hành 3", "{02EA681E-C7D8-13C7-8484-4AC65E1B71E8}"
EndProject
Project("{2150E333-8FDC-42A3-9474-1A3956D46DE8}") = "Bài Thực Hành 2", "Bài Thực Hành 2", "{980CD1FD-DEB6-47F8-8DB5-C93334395199}"
EndProject
Project("{2150E333-8FDC-42A3-9474-1A3956D46DE8}") = "Bài Thực Hành 1", "Bài Thực Hành 1", "{F3BB5015-D9BC-4D6B-8B3C-50DD0A03870C}"
EndProject
Project("{FAE04EC0-301F-11D3-BF4B-00C04F79EFBC}") = "TH3-BT1", "BTH3-BT1\TH3-BT1.csproj", "{727A8E3D-E192-48AF-AD0D-D3C985686581}"
EndProject
Project("{FAE04EC0-301F-11D3-BF4B-00C04F79EFBC}") = "TH3-BT2", "TH3-BT2\TH3-BT2.csproj", "{C782BA33-5685-4140-BBE3-DAA534DF9B28}"
EndProject
Project("{FAE04EC0-301F-11D3-BF4B-00C04F79EFBC}") = "TH3-BT3", "TH3-BT3\TH3-BT3.csproj", "{71F03CFD-1011-40A9-ABA9-3E078AF12720}"
EndProject
Project("{FAE04EC0-301F-11D3-BF4B-00C04F79EFBC}") = "TH3-BT4", "TH3-BT4\TH3-BT4.csproj", "{0F4A8BB2-2FC2-462F-82BC-B61150685255}"
EndProject
Project("{2150E333-8FDC-42A3-9474-1A3956D46DE8}") = "Bài Thực Hành 4", "Bài Thực Hành 4", "{A614E45F-7123-40DA-9CB5-4F64333936BD}"
EndProject
Project("{FAE04EC0-301F-11D3-BF4B-00C04F79EFBC}") = "TH4-BT1", "TH4-BT1\TH4-BT1.csproj", "{DB6D611D-5F29-4883-948C-D71499408AB5}"
EndProject
Project("{FAE04EC0-301F-11D3-BF4B-00C04F79EFBC}") = "TH4-BT2", "TH4-BT2\TH4-BT2.csproj", "{402EEA71-60C2-4D68-9FBE-96F1F5A957E3}"
EndProject
Global
	GlobalSection(SolutionConfigurationPlatforms) = preSolution
		Debug|Any CPU = Debug|Any CPU
		Release|Any CPU = Release|Any CPU
	EndGlobalSection
	GlobalSection(ProjectConfigurationPlatforms) = postSolution
		{B87C9567-D73F-4010-87EB-D745FB30FD79}.Debug|Any CPU.ActiveCfg = Debug|Any CPU
		{B87C9567-D73F-4010-87EB-D745FB30FD79}.Debug|Any CPU.Build.0 = Debug|Any CPU
		{B87C9567-D73F-4010-87EB-D745FB30FD79}.Release|Any CPU.ActiveCfg = Release|Any CPU
		{B87C9567-D73F-4010-87EB-D745FB30FD79}.Release|Any CPU.Build.0 = Release|Any CPU
		{FFE06A00-4358-4C85-BF37-5C9E5A7DC63D}.Debug|Any CPU.ActiveCfg = Debug|Any CPU
		{FFE06A00-4358-4C85-BF37-5C9E5A7DC63D}.Debug|Any CPU.Build.0 = Debug|Any CPU
		{FFE06A00-4358-4C85-BF37-5C9E5A7DC63D}.Release|Any CPU.ActiveCfg = Release|Any CPU
		{FFE06A00-4358-4C85-BF37-5C9E5A7DC63D}.Release|Any CPU.Build.0 = Release|Any CPU
		{EBE66CD0-4C51-4332-B5A4-3D15CD40F675}.Debug|Any CPU.ActiveCfg = Debug|Any CPU
		{EBE66CD0-4C51-4332-B5A4-3D15CD40F675}.Debug|Any CPU.Build.0 = Debug|Any CPU
		{EBE66CD0-4C51-4332-B5A4-3D15CD40F675}.Release|Any CPU.ActiveCfg = Release|Any CPU
		{EBE66CD0-4C51-4332-B5A4-3D15CD40F675}.Release|Any CPU.Build.0 = Release|Any CPU
		{0D6948C9-9DAC-451D-A0BC-95593D3F7D62}.Debug|Any CPU.ActiveCfg = Debug|Any CPU
		{0D6948C9-9DAC-451D-A0BC-95593D3F7D62}.Debug|Any CPU.Build.0 = Debug|Any CPU
		{0D6948C9-9DAC-451D-A0BC-95593D3F7D62}.Release|Any CPU.ActiveCfg = Release|Any CPU
		{0D6948C9-9DAC-451D-A0BC-95593D3F7D62}.Release|Any CPU.Build.0 = Release|Any CPU
		{F45FAC2D-D0DD-4C7B-BEEF-CF40D3AA9C96}.Debug|Any CPU.ActiveCfg = Debug|Any CPU
		{F45FAC2D-D0DD-4C7B-BEEF-CF40D3AA9C96}.Debug|Any CPU.Build.0 = Debug|Any CPU
		{F45FAC2D-D0DD-4C7B-BEEF-CF40D3AA9C96}.Release|Any CPU.ActiveCfg = Release|Any CPU
		{F45FAC2D-D0DD-4C7B-BEEF-CF40D3AA9C96}.Release|Any CPU.Build.0 = Release|Any CPU
		{15B1FDD9-1405-445A-B52D-5AE18E7F0CBD}.Debug|Any CPU.ActiveCfg = Debug|Any CPU
		{15B1FDD9-1405-445A-B52D-5AE18E7F0CBD}.Debug|Any CPU.Build.0 = Debug|Any CPU
		{15B1FDD9-1405-445A-B52D-5AE18E7F0CBD}.Release|Any CPU.ActiveCfg = Release|Any CPU
		{15B1FDD9-1405-445A-B52D-5AE18E7F0CBD}.Release|Any CPU.Build.0 = Release|Any CPU
		{C01AD52E-CAB5-4F6D-BF4F-E8848D27EC68}.Debug|Any CPU.ActiveCfg = Debug|Any CPU
		{C01AD52E-CAB5-4F6D-BF4F-E8848D27EC68}.Debug|Any CPU.Build.0 = Debug|Any CPU
		{C01AD52E-CAB5-4F6D-BF4F-E8848D27EC68}.Release|Any CPU.ActiveCfg = Release|Any CPU
		{C01AD52E-CAB5-4F6D-BF4F-E8848D27EC68}.Release|Any CPU.Build.0 = Release|Any CPU
		{7E363F5B-D650-466F-8956-D3981CAE4004}.Debug|Any CPU.ActiveCfg = Debug|Any CPU
		{7E363F5B-D650-466F-8956-D3981CAE4004}.Debug|Any CPU.Build.0 = Debug|Any CPU
		{7E363F5B-D650-466F-8956-D3981CAE4004}.Release|Any CPU.ActiveCfg = Release|Any CPU
		{7E363F5B-D650-466F-8956-D3981CAE4004}.Release|Any CPU.Build.0 = Release|Any CPU
		{2C803A09-4253-430E-A4EB-3FE04F776688}.Debug|Any CPU.ActiveCfg = Debug|Any CPU
		{2C803A09-4253-430E-A4EB-3FE04F776688}.Debug|Any CPU.Build.0 = Debug|Any CPU
		{2C803A09-4253-430E-A4EB-3FE04F776688}.Release|Any CPU.ActiveCfg = Release|Any CPU
		{2C803A09-4253-430E-A4EB-3FE04F776688}.Release|Any CPU.Build.0 = Release|Any CPU
		{32379BDE-E2AA-4554-824F-BD2D62C998F6}.Debug|Any CPU.ActiveCfg = Debug|Any CPU
		{32379BDE-E2AA-4554-824F-BD2D62C998F6}.Debug|Any CPU.Build.0 = Debug|Any CPU
		{32379BDE-E2AA-4554-824F-BD2D62C998F6}.Release|Any CPU.ActiveCfg = Release|Any CPU
		{32379BDE-E2AA-4554-824F-BD2D62C998F6}.Release|Any CPU.Build.0 = Release|Any CPU
		{7F2B7DE6-527A-46D9-953E-1FC855DB2AAD}.Debug|Any CPU.ActiveCfg = Debug|Any CPU
		{7F2B7DE6-527A-46D9-953E-1FC855DB2AAD}.Debug|Any CPU.Build.0 = Debug|Any CPU
		{7F2B7DE6-527A-46D9-953E-1FC855DB2AAD}.Release|Any CPU.ActiveCfg = Release|Any CPU
		{7F2B7DE6-527A-46D9-953E-1FC855DB2AAD}.Release|Any CPU.Build.0 = Release|Any CPU
		{529261DA-9A8B-4119-9B4B-E5B90687FCA8}.Debug|Any CPU.ActiveCfg = Debug|Any CPU
		{529261DA-9A8B-4119-9B4B-E5B90687FCA8}.Debug|Any CPU.Build.0 = Debug|Any CPU
		{529261DA-9A8B-4119-9B4B-E5B90687FCA8}.Release|Any CPU.ActiveCfg = Release|Any CPU
		{529261DA-9A8B-4119-9B4B-E5B90687FCA8}.Release|Any CPU.Build.0 = Release|Any CPU
		{727A8E3D-E192-48AF-AD0D-D3C985686581}.Debug|Any CPU.ActiveCfg = Debug|Any CPU
		{727A8E3D-E192-48AF-AD0D-D3C985686581}.Debug|Any CPU.Build.0 = Debug|Any CPU
		{727A8E3D-E192-48AF-AD0D-D3C985686581}.Release|Any CPU.ActiveCfg = Release|Any CPU
		{727A8E3D-E192-48AF-AD0D-D3C985686581}.Release|Any CPU.Build.0 = Release|Any CPU
		{C782BA33-5685-4140-BBE3-DAA534DF9B28}.Debug|Any CPU.ActiveCfg = Debug|Any CPU
		{C782BA33-5685-4140-BBE3-DAA534DF9B28}.Debug|Any CPU.Build.0 = Debug|Any CPU
		{C782BA33-5685-4140-BBE3-DAA534DF9B28}.Release|Any CPU.ActiveCfg = Release|Any CPU
		{C782BA33-5685-4140-BBE3-DAA534DF9B28}.Release|Any CPU.Build.0 = Release|Any CPU
		{71F03CFD-1011-40A9-ABA9-3E078AF12720}.Debug|Any CPU.ActiveCfg = Debug|Any CPU
		{71F03CFD-1011-40A9-ABA9-3E078AF12720}.Debug|Any CPU.Build.0 = Debug|Any CPU
		{71F03CFD-1011-40A9-ABA9-3E078AF12720}.Release|Any CPU.ActiveCfg = Release|Any CPU
		{71F03CFD-1011-40A9-ABA9-3E078AF12720}.Release|Any CPU.Build.0 = Release|Any CPU
		{0F4A8BB2-2FC2-462F-82BC-B61150685255}.Debug|Any CPU.ActiveCfg = Debug|Any CPU
		{0F4A8BB2-2FC2-462F-82BC-B61150685255}.Debug|Any CPU.Build.0 = Debug|Any CPU
		{0F4A8BB2-2FC2-462F-82BC-B61150685255}.Release|Any CPU.ActiveCfg = Release|Any CPU
		{0F4A8BB2-2FC2-462F-82BC-B61150685255}.Release|Any CPU.Build.0 = Release|Any CPU
		{DB6D611D-5F29-4883-948C-D71499408AB5}.Debug|Any CPU.ActiveCfg = Debug|Any CPU
		{DB6D611D-5F29-4883-948C-D71499408AB5}.Debug|Any CPU.Build.0 = Debug|Any CPU
		{DB6D611D-5F29-4883-948C-D71499408AB5}.Release|Any CPU.ActiveCfg = Release|Any CPU
		{DB6D611D-5F29-4883-948C-D71499408AB5}.Release|Any CPU.Build.0 = Release|Any CPU
		{402EEA71-60C2-4D68-9FBE-96F1F5A957E3}.Debug|Any CPU.ActiveCfg = Debug|Any CPU
		{402EEA71-60C2-4D68-9FBE-96F1F5A957E3}.Debug|Any CPU.Build.0 = Debug|Any CPU
		{402EEA71-60C2-4D68-9FBE-96F1F5A957E3}.Release|Any CPU.ActiveCfg = Release|Any CPU
		{402EEA71-60C2-4D68-9FBE-96F1F5A957E3}.Release|Any CPU.Build.0 = Release|Any CPU
	EndGlobalSection
	GlobalSection(SolutionProperties) = preSolution
		HideSolutionNode = FALSE
	EndGlobalSection
	GlobalSection(NestedProjects) = preSolution
		{B87C9567-D73F-4010-87EB-D745FB30FD79} = {F3BB5015-D9BC-4D6B-8B3C-50DD0A03870C}
		{FFE06A00-4358-4C85-BF37-5C9E5A7DC63D} = {F3BB5015-D9BC-4D6B-8B3C-50DD0A03870C}
		{EBE66CD0-4C51-4332-B5A4-3D15CD40F675} = {F3BB5015-D9BC-4D6B-8B3C-50DD0A03870C}
		{0D6948C9-9DAC-451D-A0BC-95593D3F7D62} = {F3BB5015-D9BC-4D6B-8B3C-50DD0A03870C}
		{F45FAC2D-D0DD-4C7B-BEEF-CF40D3AA9C96} = {F3BB5015-D9BC-4D6B-8B3C-50DD0A03870C}
		{15B1FDD9-1405-445A-B52D-5AE18E7F0CBD} = {980CD1FD-DEB6-47F8-8DB5-C93334395199}
		{C01AD52E-CAB5-4F6D-BF4F-E8848D27EC68} = {F3BB5015-D9BC-4D6B-8B3C-50DD0A03870C}
		{7E363F5B-D650-466F-8956-D3981CAE4004} = {F3BB5015-D9BC-4D6B-8B3C-50DD0A03870C}
		{2C803A09-4253-430E-A4EB-3FE04F776688} = {980CD1FD-DEB6-47F8-8DB5-C93334395199}
		{32379BDE-E2AA-4554-824F-BD2D62C998F6} = {980CD1FD-DEB6-47F8-8DB5-C93334395199}
		{7F2B7DE6-527A-46D9-953E-1FC855DB2AAD} = {980CD1FD-DEB6-47F8-8DB5-C93334395199}
		{529261DA-9A8B-4119-9B4B-E5B90687FCA8} = {980CD1FD-DEB6-47F8-8DB5-C93334395199}
		{727A8E3D-E192-48AF-AD0D-D3C985686581} = {02EA681E-C7D8-13C7-8484-4AC65E1B71E8}
		{C782BA33-5685-4140-BBE3-DAA534DF9B28} = {02EA681E-C7D8-13C7-8484-4AC65E1B71E8}
		{71F03CFD-1011-40A9-ABA9-3E078AF12720} = {02EA681E-C7D8-13C7-8484-4AC65E1B71E8}
		{0F4A8BB2-2FC2-462F-82BC-B61150685255} = {02EA681E-C7D8-13C7-8484-4AC65E1B71E8}
		{DB6D611D-5F29-4883-948C-D71499408AB5} = {A614E45F-7123-40DA-9CB5-4F64333936BD}
		{402EEA71-60C2-4D68-9FBE-96F1F5A957E3} = {A614E45F-7123-40DA-9CB5-4F64333936BD}
	EndGlobalSection
	GlobalSection(ExtensibilityGlobals) = postSolution
		SolutionGuid = {95333771-685C-41AC-A627-CA6FE1F59DDD}
	EndGlobalSection
EndGlobal
